
Microsoft Visual Studio Solution File, Format Version 12.00
# Visual Studio Version 17
VisualStudioVersion = 17.12.35506.116 d17.12
MinimumVisualStudioVersion = 10.0.40219.1
Project("{FAE04EC0-301F-11D3-BF4B-00C04F79EFBC}") = "BlazorMaterial", "BlazorMaterial\BlazorMaterial\BlazorMaterial.csproj", "{AE6E9349-4B49-4A31-AFDA-87706F1BEC40}"
EndProject
Project("{FAE04EC0-301F-11D3-BF4B-00C04F79EFBC}") = "BlazorMaterial.Client", "BlazorMaterial\BlazorMaterial.Client\BlazorMaterial.Client.csproj", "{218566AB-C8D6-4E3C-891A-5E9347A42A70}"
EndProject
Global
	GlobalSection(SolutionConfigurationPlatforms) = preSolution
		Debug|Any CPU = Debug|Any CPU
		Release|Any CPU = Release|Any CPU
	EndGlobalSection
	GlobalSection(ProjectConfigurationPlatforms) = postSolution
		{AE6E9349-4B49-4A31-AFDA-87706F1BEC40}.Debug|Any CPU.ActiveCfg = Debug|Any CPU
		{AE6E9349-4B49-4A31-AFDA-87706F1BEC40}.Debug|Any CPU.Build.0 = Debug|Any CPU
		{AE6E9349-4B49-4A31-AFDA-87706F1BEC40}.Release|Any CPU.ActiveCfg = Release|Any CPU
		{AE6E9349-4B49-4A31-AFDA-87706F1BEC40}.Release|Any CPU.Build.0 = Release|Any CPU
		{218566AB-C8D6-4E3C-891A-5E9347A42A70}.Debug|Any CPU.ActiveCfg = Debug|Any CPU
		{218566AB-C8D6-4E3C-891A-5E9347A42A70}.Debug|Any CPU.Build.0 = Debug|Any CPU
		{218566AB-C8D6-4E3C-891A-5E9347A42A70}.Release|Any CPU.ActiveCfg = Release|Any CPU
		{218566AB-C8D6-4E3C-891A-5E9347A42A70}.Release|Any CPU.Build.0 = Release|Any CPU
	EndGlobalSection
	GlobalSection(SolutionProperties) = preSolution
		HideSolutionNode = FALSE
	EndGlobalSection
EndGlobal
